
Microsoft Visual Studio Solution File, Format Version 12.00
# Visual Studio Version 17
VisualStudioVersion = 17.3.32825.248
MinimumVisualStudioVersion = 10.0.40219.1
Project("{9A19103F-16F7-4668-BE54-9A1E7A4F7556}") = "Problem 1-2", "Problem 1\Problem 1-2.csproj", "{1F4B9071-A4F4-44BE-B00A-3C79F7EE16FD}"
EndProject
Project("{FAE04EC0-301F-11D3-BF4B-00C04F79EFBC}") = "Problem 3", "Problem 3\Problem 3.csproj", "{B44043EC-15F6-4A89-8DAC-0768AD50D714}"
EndProject
Project("{FAE04EC0-301F-11D3-BF4B-00C04F79EFBC}") = "Problem 4", "Problem 4\Problem 4.csproj", "{A67C1ECF-BA28-491F-82EE-585FF2AA161F}"
EndProject
Global
	GlobalSection(SolutionConfigurationPlatforms) = preSolution
		Debug|Any CPU = Debug|Any CPU
		Release|Any CPU = Release|Any CPU
	EndGlobalSection
	GlobalSection(ProjectConfigurationPlatforms) = postSolution
		{1F4B9071-A4F4-44BE-B00A-3C79F7EE16FD}.Debug|Any CPU.ActiveCfg = Debug|Any CPU
		{1F4B9071-A4F4-44BE-B00A-3C79F7EE16FD}.Debug|Any CPU.Build.0 = Debug|Any CPU
		{1F4B9071-A4F4-44BE-B00A-3C79F7EE16FD}.Release|Any CPU.ActiveCfg = Release|Any CPU
		{1F4B9071-A4F4-44BE-B00A-3C79F7EE16FD}.Release|Any CPU.Build.0 = Release|Any CPU
		{B44043EC-15F6-4A89-8DAC-0768AD50D714}.Debug|Any CPU.ActiveCfg = Debug|Any CPU
		{B44043EC-15F6-4A89-8DAC-0768AD50D714}.Debug|Any CPU.Build.0 = Debug|Any CPU
		{B44043EC-15F6-4A89-8DAC-0768AD50D714}.Release|Any CPU.ActiveCfg = Release|Any CPU
		{B44043EC-15F6-4A89-8DAC-0768AD50D714}.Release|Any CPU.Build.0 = Release|Any CPU
		{A67C1ECF-BA28-491F-82EE-585FF2AA161F}.Debug|Any CPU.ActiveCfg = Debug|Any CPU
		{A67C1ECF-BA28-491F-82EE-585FF2AA161F}.Debug|Any CPU.Build.0 = Debug|Any CPU
		{A67C1ECF-BA28-491F-82EE-585FF2AA161F}.Release|Any CPU.ActiveCfg = Release|Any CPU
		{A67C1ECF-BA28-491F-82EE-585FF2AA161F}.Release|Any CPU.Build.0 = Release|Any CPU
	EndGlobalSection
	GlobalSection(SolutionProperties) = preSolution
		HideSolutionNode = FALSE
	EndGlobalSection
	GlobalSection(ExtensibilityGlobals) = postSolution
		SolutionGuid = {F316D5E4-881F-4318-9DD6-FC22D5BF4BBC}
	EndGlobalSection
EndGlobal
